
Microsoft Visual Studio Solution File, Format Version 12.00
# Visual Studio Version 17
VisualStudioVersion = 17.3.32819.101
MinimumVisualStudioVersion = 10.0.40219.1
Project("{FAE04EC0-301F-11D3-BF4B-00C04F79EFBC}") = "EmployeesCh12", "EmployeesCh12.csproj", "{F43A8C00-78E5-42DA-B9AA-C4E9709D569B}"
EndProject
Global
	GlobalSection(SolutionConfigurationPlatforms) = preSolution
		Debug|Any CPU = Debug|Any CPU
		Release|Any CPU = Release|Any CPU
	EndGlobalSection
	GlobalSection(ProjectConfigurationPlatforms) = postSolution
		{F43A8C00-78E5-42DA-B9AA-C4E9709D569B}.Debug|Any CPU.ActiveCfg = Debug|Any CPU
		{F43A8C00-78E5-42DA-B9AA-C4E9709D569B}.Debug|Any CPU.Build.0 = Debug|Any CPU
		{F43A8C00-78E5-42DA-B9AA-C4E9709D569B}.Release|Any CPU.ActiveCfg = Release|Any CPU
		{F43A8C00-78E5-42DA-B9AA-C4E9709D569B}.Release|Any CPU.Build.0 = Release|Any CPU
	EndGlobalSection
	GlobalSection(SolutionProperties) = preSolution
		HideSolutionNode = FALSE
	EndGlobalSection
	GlobalSection(ExtensibilityGlobals) = postSolution
		SolutionGuid = {40E141EC-5328-49A2-B368-CC2F53B7481E}
	EndGlobalSection
EndGlobal
